
Microsoft Visual Studio Solution File, Format Version 12.00
# Visual Studio Version 17
VisualStudioVersion = 17.5.33516.290
MinimumVisualStudioVersion = 10.0.40219.1
Project("{8BC9CEB8-8B4A-11D0-8D11-00A0C91BC942}") = "vdLyThuyet(05).cpp", "vdLyThuyet(05).cpp.vcxproj", "{560E0F1E-F4A2-4345-9F67-02A9AD89ACEF}"
EndProject
Global
	GlobalSection(SolutionConfigurationPlatforms) = preSolution
		Debug|x64 = Debug|x64
		Debug|x86 = Debug|x86
		Release|x64 = Release|x64
		Release|x86 = Release|x86
	EndGlobalSection
	GlobalSection(ProjectConfigurationPlatforms) = postSolution
		{560E0F1E-F4A2-4345-9F67-02A9AD89ACEF}.Debug|x64.ActiveCfg = Debug|x64
		{560E0F1E-F4A2-4345-9F67-02A9AD89ACEF}.Debug|x64.Build.0 = Debug|x64
		{560E0F1E-F4A2-4345-9F67-02A9AD89ACEF}.Debug|x86.ActiveCfg = Debug|Win32
		{560E0F1E-F4A2-4345-9F67-02A9AD89ACEF}.Debug|x86.Build.0 = Debug|Win32
		{560E0F1E-F4A2-4345-9F67-02A9AD89ACEF}.Release|x64.ActiveCfg = Release|x64
		{560E0F1E-F4A2-4345-9F67-02A9AD89ACEF}.Release|x64.Build.0 = Release|x64
		{560E0F1E-F4A2-4345-9F67-02A9AD89ACEF}.Release|x86.ActiveCfg = Release|Win32
		{560E0F1E-F4A2-4345-9F67-02A9AD89ACEF}.Release|x86.Build.0 = Release|Win32
	EndGlobalSection
	GlobalSection(SolutionProperties) = preSolution
		HideSolutionNode = FALSE
	EndGlobalSection
	GlobalSection(ExtensibilityGlobals) = postSolution
		SolutionGuid = {C6B4128F-FEEE-4072-B555-CCE84DEC062E}
	EndGlobalSection
EndGlobal
